PODS:
  - AppsFlyerFramework (6.17.0):
    - AppsFlyerFramework/Main (= 6.17.0)
  - AppsFlyerFramework/Main (6.17.0)
  - Reachability (3.7.6)

DEPENDENCIES:
  - AppsFlyerFramework
  - Reachability

SPEC REPOS:
  trunk:
    - AppsFlyerFramework
    - Reachability

SPEC CHECKSUMS:
  AppsFlyerFramework: 34cef9f9653f4fd01c27d4d87784425b9271f82f
  Reachability: fd0ecd23705e2599e4cceeb943222ae02296cbc6

PODFILE CHECKSUM: 3f986c6be1dd6ba0082bcbed7a5b2110686c7d15

COCOAPODS: 1.16.2
